{
    "_meta": {
        "hash": {
            "sha256": "fda473a5b8c114c38cef01bac2262c2fe5137495963cac5d43193c701822ee37"
        },
        "pipfile-spec": 6,
        "requires": {
            "python_version": "3"
        },
        "sources": [
            {
                "name": "pypi",
                "url": "http://pypi.doubanio.com/simple",
                "verify_ssl": false
            }
        ]
    },
    "default": {},
    "develop": {}
}
